
Microsoft Visual Studio Solution File, Format Version 12.00
# Visual Studio Version 17
VisualStudioVersion = 17.10.35013.160
MinimumVisualStudioVersion = 10.0.40219.1
Project("{FAE04EC0-301F-11D3-BF4B-00C04F79EFBC}") = "CarAuction", "CarAuction\CarAuction.csproj", "{5B837ADE-5512-4B22-BFBF-7B82F829C41D}"
EndProject
Project("{FAE04EC0-301F-11D3-BF4B-00C04F79EFBC}") = "CarAuctionInfrastructure", "CarAuctionInfrastructure\CarAuctionInfrastructure.csproj", "{B65A1C36-4CDE-4F30-8772-797978F4BB54}"
EndProject
Project("{FAE04EC0-301F-11D3-BF4B-00C04F79EFBC}") = "CarAuctionDomain", "CarAuctionEntities\CarAuctionDomain.csproj", "{14737CFD-737F-44A3-B078-5CE19583B277}"
EndProject
Project("{FAE04EC0-301F-11D3-BF4B-00C04F79EFBC}") = "CarAuctionApplication", "CarAuctionApplication\CarAuctionApplication.csproj", "{D851AF8F-5768-47D5-A7A9-ADC322033451}"
EndProject
Global
	GlobalSection(SolutionConfigurationPlatforms) = preSolution
		Debug|Any CPU = Debug|Any CPU
		Release|Any CPU = Release|Any CPU
	EndGlobalSection
	GlobalSection(ProjectConfigurationPlatforms) = postSolution
		{5B837ADE-5512-4B22-BFBF-7B82F829C41D}.Debug|Any CPU.ActiveCfg = Debug|Any CPU
		{5B837ADE-5512-4B22-BFBF-7B82F829C41D}.Debug|Any CPU.Build.0 = Debug|Any CPU
		{5B837ADE-5512-4B22-BFBF-7B82F829C41D}.Release|Any CPU.ActiveCfg = Release|Any CPU
		{5B837ADE-5512-4B22-BFBF-7B82F829C41D}.Release|Any CPU.Build.0 = Release|Any CPU
		{B65A1C36-4CDE-4F30-8772-797978F4BB54}.Debug|Any CPU.ActiveCfg = Debug|Any CPU
		{B65A1C36-4CDE-4F30-8772-797978F4BB54}.Debug|Any CPU.Build.0 = Debug|Any CPU
		{B65A1C36-4CDE-4F30-8772-797978F4BB54}.Release|Any CPU.ActiveCfg = Release|Any CPU
		{B65A1C36-4CDE-4F30-8772-797978F4BB54}.Release|Any CPU.Build.0 = Release|Any CPU
		{14737CFD-737F-44A3-B078-5CE19583B277}.Debug|Any CPU.ActiveCfg = Debug|Any CPU
		{14737CFD-737F-44A3-B078-5CE19583B277}.Debug|Any CPU.Build.0 = Debug|Any CPU
		{14737CFD-737F-44A3-B078-5CE19583B277}.Release|Any CPU.ActiveCfg = Release|Any CPU
		{14737CFD-737F-44A3-B078-5CE19583B277}.Release|Any CPU.Build.0 = Release|Any CPU
		{D851AF8F-5768-47D5-A7A9-ADC322033451}.Debug|Any CPU.ActiveCfg = Debug|Any CPU
		{D851AF8F-5768-47D5-A7A9-ADC322033451}.Debug|Any CPU.Build.0 = Debug|Any CPU
		{D851AF8F-5768-47D5-A7A9-ADC322033451}.Release|Any CPU.ActiveCfg = Release|Any CPU
		{D851AF8F-5768-47D5-A7A9-ADC322033451}.Release|Any CPU.Build.0 = Release|Any CPU
	EndGlobalSection
	GlobalSection(SolutionProperties) = preSolution
		HideSolutionNode = FALSE
	EndGlobalSection
	GlobalSection(ExtensibilityGlobals) = postSolution
		SolutionGuid = {D7F3350C-A630-40BE-B5C8-B8CB1F5C9FD6}
	EndGlobalSection
EndGlobal
